
Microsoft Visual Studio Solution File, Format Version 12.00
# Visual Studio Version 17
VisualStudioVersion = 17.2.32526.322
MinimumVisualStudioVersion = 10.0.40219.1
Project("{9A19103F-16F7-4668-BE54-9A1E7A4F7556}") = "CarMarket.Web", "CarMarket.Web.csproj", "{249EFEFB-A9BF-44DF-BB14-476B7CA6BF87}"
EndProject
Project("{9A19103F-16F7-4668-BE54-9A1E7A4F7556}") = "CarMarket.Services", "..\CarMarket.Services\CarMarket.Services.csproj", "{7F653131-3EB9-4D81-8225-28013473912F}"
EndProject
Project("{FAE04EC0-301F-11D3-BF4B-00C04F79EFBC}") = "CarMarket.Tests", "..\CarMarket.Tests\CarMarket.Tests.csproj", "{02F236BE-01CB-471B-AF0E-3750FFB730F1}"
EndProject
Global
	GlobalSection(SolutionConfigurationPlatforms) = preSolution
		Debug|Any CPU = Debug|Any CPU
		Release|Any CPU = Release|Any CPU
	EndGlobalSection
	GlobalSection(ProjectConfigurationPlatforms) = postSolution
		{249EFEFB-A9BF-44DF-BB14-476B7CA6BF87}.Debug|Any CPU.ActiveCfg = Debug|Any CPU
		{249EFEFB-A9BF-44DF-BB14-476B7CA6BF87}.Debug|Any CPU.Build.0 = Debug|Any CPU
		{249EFEFB-A9BF-44DF-BB14-476B7CA6BF87}.Release|Any CPU.ActiveCfg = Release|Any CPU
		{249EFEFB-A9BF-44DF-BB14-476B7CA6BF87}.Release|Any CPU.Build.0 = Release|Any CPU
		{7F653131-3EB9-4D81-8225-28013473912F}.Debug|Any CPU.ActiveCfg = Debug|Any CPU
		{7F653131-3EB9-4D81-8225-28013473912F}.Debug|Any CPU.Build.0 = Debug|Any CPU
		{7F653131-3EB9-4D81-8225-28013473912F}.Release|Any CPU.ActiveCfg = Release|Any CPU
		{7F653131-3EB9-4D81-8225-28013473912F}.Release|Any CPU.Build.0 = Release|Any CPU
		{02F236BE-01CB-471B-AF0E-3750FFB730F1}.Debug|Any CPU.ActiveCfg = Debug|Any CPU
		{02F236BE-01CB-471B-AF0E-3750FFB730F1}.Debug|Any CPU.Build.0 = Debug|Any CPU
		{02F236BE-01CB-471B-AF0E-3750FFB730F1}.Release|Any CPU.ActiveCfg = Release|Any CPU
		{02F236BE-01CB-471B-AF0E-3750FFB730F1}.Release|Any CPU.Build.0 = Release|Any CPU
	EndGlobalSection
	GlobalSection(SolutionProperties) = preSolution
		HideSolutionNode = FALSE
	EndGlobalSection
	GlobalSection(ExtensibilityGlobals) = postSolution
		SolutionGuid = {48E765D6-465C-4DCA-8479-A661C81F902E}
	EndGlobalSection
EndGlobal
